
Microsoft Visual Studio Solution File, Format Version 12.00
# Visual Studio 15
VisualStudioVersion = 15.0.28010.2003
MinimumVisualStudioVersion = 10.0.40219.1
Project("{9A19103F-16F7-4668-BE54-9A1E7A4F7556}") = "AsyncTester", "AsyncTester\AsyncTester.csproj", "{7AA83E36-50E1-48A9-AEA0-BD75807FE762}"
EndProject
Project("{FAE04EC0-301F-11D3-BF4B-00C04F79EFBC}") = "PI.Cache", "PI.Cache\PI.Cache.csproj", "{A28127E9-2400-405F-BA3D-6C6884951B57}"
EndProject
Global
	GlobalSection(SolutionConfigurationPlatforms) = preSolution
		Debug|Any CPU = Debug|Any CPU
		Release|Any CPU = Release|Any CPU
	EndGlobalSection
	GlobalSection(ProjectConfigurationPlatforms) = postSolution
		{7AA83E36-50E1-48A9-AEA0-BD75807FE762}.Debug|Any CPU.ActiveCfg = Debug|Any CPU
		{7AA83E36-50E1-48A9-AEA0-BD75807FE762}.Debug|Any CPU.Build.0 = Debug|Any CPU
		{7AA83E36-50E1-48A9-AEA0-BD75807FE762}.Release|Any CPU.ActiveCfg = Release|Any CPU
		{7AA83E36-50E1-48A9-AEA0-BD75807FE762}.Release|Any CPU.Build.0 = Release|Any CPU
		{A28127E9-2400-405F-BA3D-6C6884951B57}.Debug|Any CPU.ActiveCfg = Debug|Any CPU
		{A28127E9-2400-405F-BA3D-6C6884951B57}.Debug|Any CPU.Build.0 = Debug|Any CPU
		{A28127E9-2400-405F-BA3D-6C6884951B57}.Release|Any CPU.ActiveCfg = Release|Any CPU
		{A28127E9-2400-405F-BA3D-6C6884951B57}.Release|Any CPU.Build.0 = Release|Any CPU
	EndGlobalSection
	GlobalSection(SolutionProperties) = preSolution
		HideSolutionNode = FALSE
	EndGlobalSection
	GlobalSection(ExtensibilityGlobals) = postSolution
		SolutionGuid = {4DA0B98D-3D67-48B6-BD37-562E66E9D4BF}
	EndGlobalSection
EndGlobal
